
Microsoft Visual Studio Solution File, Format Version 12.00
# Visual Studio Version 17
VisualStudioVersion = 17.14.36327.8
MinimumVisualStudioVersion = 10.0.40219.1
Project("{8BC9CEB8-8B4A-11D0-8D11-00A0C91BC942}") = "单词长度", "单词长度\单词长度.vcxproj", "{61EC1E07-A7B1-467D-B12F-210F0EB0D51E}"
EndProject
Project("{8BC9CEB8-8B4A-11D0-8D11-00A0C91BC942}") = "字符串函数strlen", "字符串函数strlen\字符串函数strlen.vcxproj", "{CCA70727-E0C2-43E5-A3F0-4F2523DD18CC}"
EndProject
Project("{8BC9CEB8-8B4A-11D0-8D11-00A0C91BC942}") = "字符串函数strcmy", "字符串函数strcmy\字符串函数strcmy.vcxproj", "{975221B1-A9AF-41E7-A41E-2A422533CBF8}"
EndProject
Project("{8BC9CEB8-8B4A-11D0-8D11-00A0C91BC942}") = "字符串函数strcpy", "字符串函数strcpy\字符串函数strcpy.vcxproj", "{825FB59A-C034-4B3E-8CFA-0A2BFAB148BE}"
EndProject
Project("{8BC9CEB8-8B4A-11D0-8D11-00A0C91BC942}") = "Windows控制台光标控制", "Windows控制台光标控制\Windows控制台光标控制.vcxproj", "{424751FD-E372-40B1-860A-E472D53A800E}"
EndProject
Project("{8BC9CEB8-8B4A-11D0-8D11-00A0C91BC942}") = "字符串数组", "字符串数组\字符串数组.vcxproj", "{6FEBFA69-8036-4BFD-ADE1-08CEA3070F0D}"
EndProject
Project("{8BC9CEB8-8B4A-11D0-8D11-00A0C91BC942}") = "可变数组", "可变数组\可变数组.vcxproj", "{A752E1AF-A748-4880-8552-F8774E28F6BE}"
EndProject
Project("{8BC9CEB8-8B4A-11D0-8D11-00A0C91BC942}") = "数据结构-链表", "数据结构-链表\数据结构-链表.vcxproj", "{16D1EF5F-3EC7-42D0-A6E6-52B147B0816A}"
EndProject
Project("{8BC9CEB8-8B4A-11D0-8D11-00A0C91BC942}") = "C语言进阶指针学习", "C语言进阶指针学习\C语言进阶指针学习.vcxproj", "{66468C95-F045-4DCA-AA81-8D0753A85172}"
EndProject
Project("{8BC9CEB8-8B4A-11D0-8D11-00A0C91BC942}") = "c++stl学习", "c++stl学习\c++stl学习.vcxproj", "{7D7F740C-A151-491A-A234-962C28C06CF1}"
EndProject
Project("{8BC9CEB8-8B4A-11D0-8D11-00A0C91BC942}") = "位运算bitset", "位运算bitset\位运算bitset.vcxproj", "{5806DC22-1BAD-4D12-B75D-B4E7399EE608}"
EndProject
Project("{8BC9CEB8-8B4A-11D0-8D11-00A0C91BC942}") = "c++stl sort", "c++stl sort\c++stl sort.vcxproj", "{56618139-ADD0-4EA6-8498-24721E44921A}"
EndProject
Project("{8BC9CEB8-8B4A-11D0-8D11-00A0C91BC942}") = "多文件", "多文件\多文件.vcxproj", "{2794D7C9-63B3-4176-993E-E7CE32F71E05}"
EndProject
Project("{8BC9CEB8-8B4A-11D0-8D11-00A0C91BC942}") = "C++数据类型转换", "C++数据类型转换\C++数据类型转换.vcxproj", "{20943C14-2596-44E6-8F13-DEB8AD8507ED}"
EndProject
Project("{8BC9CEB8-8B4A-11D0-8D11-00A0C91BC942}") = "随机数的生成与使用", "随机数的生成与使用\随机数的生成与使用.vcxproj", "{FC707480-D01E-4C8F-937F-7BA083DE5428}"
EndProject
Project("{8BC9CEB8-8B4A-11D0-8D11-00A0C91BC942}") = "c++字符相关学习", "c++字符相关学习\c++字符相关学习.vcxproj", "{9D0842C1-1C2F-4CF2-9239-F7C2D697F164}"
EndProject
Project("{8BC9CEB8-8B4A-11D0-8D11-00A0C91BC942}") = "C++面向对象", "C++面向对象\C++面向对象.vcxproj", "{B3967604-F9BA-415E-A2D4-7BF33178D74E}"
EndProject
Project("{8BC9CEB8-8B4A-11D0-8D11-00A0C91BC942}") = "easyx语法学习", "easyx语法学习\easyx语法学习.vcxproj", "{26B2ACBF-D0EC-450F-8136-0807758672DD}"
EndProject
Project("{8BC9CEB8-8B4A-11D0-8D11-00A0C91BC942}") = "C语言函数指针", "C语言函数指针\C语言函数指针.vcxproj", "{254364ED-D46C-4DA2-9E46-746152E0D84A}"
EndProject
Project("{8BC9CEB8-8B4A-11D0-8D11-00A0C91BC942}") = "C++异常处理学习", "C++异常处理学习\C++异常处理学习.vcxproj", "{283BFCD1-3C0B-44C1-AFFB-E5C12B98652E}"
EndProject
Global
	GlobalSection(SolutionConfigurationPlatforms) = preSolution
		Debug|x64 = Debug|x64
		Debug|x86 = Debug|x86
		Release|x64 = Release|x64
		Release|x86 = Release|x86
	EndGlobalSection
	GlobalSection(ProjectConfigurationPlatforms) = postSolution
		{61EC1E07-A7B1-467D-B12F-210F0EB0D51E}.Debug|x64.ActiveCfg = Debug|x64
		{61EC1E07-A7B1-467D-B12F-210F0EB0D51E}.Debug|x64.Build.0 = Debug|x64
		{61EC1E07-A7B1-467D-B12F-210F0EB0D51E}.Debug|x86.ActiveCfg = Debug|Win32
		{61EC1E07-A7B1-467D-B12F-210F0EB0D51E}.Debug|x86.Build.0 = Debug|Win32
		{61EC1E07-A7B1-467D-B12F-210F0EB0D51E}.Release|x64.ActiveCfg = Release|x64
		{61EC1E07-A7B1-467D-B12F-210F0EB0D51E}.Release|x64.Build.0 = Release|x64
		{61EC1E07-A7B1-467D-B12F-210F0EB0D51E}.Release|x86.ActiveCfg = Release|Win32
		{61EC1E07-A7B1-467D-B12F-210F0EB0D51E}.Release|x86.Build.0 = Release|Win32
		{CCA70727-E0C2-43E5-A3F0-4F2523DD18CC}.Debug|x64.ActiveCfg = Debug|x64
		{CCA70727-E0C2-43E5-A3F0-4F2523DD18CC}.Debug|x64.Build.0 = Debug|x64
		{CCA70727-E0C2-43E5-A3F0-4F2523DD18CC}.Debug|x86.ActiveCfg = Debug|Win32
		{CCA70727-E0C2-43E5-A3F0-4F2523DD18CC}.Debug|x86.Build.0 = Debug|Win32
		{CCA70727-E0C2-43E5-A3F0-4F2523DD18CC}.Release|x64.ActiveCfg = Release|x64
		{CCA70727-E0C2-43E5-A3F0-4F2523DD18CC}.Release|x64.Build.0 = Release|x64
		{CCA70727-E0C2-43E5-A3F0-4F2523DD18CC}.Release|x86.ActiveCfg = Release|Win32
		{CCA70727-E0C2-43E5-A3F0-4F2523DD18CC}.Release|x86.Build.0 = Release|Win32
		{975221B1-A9AF-41E7-A41E-2A422533CBF8}.Debug|x64.ActiveCfg = Debug|x64
		{975221B1-A9AF-41E7-A41E-2A422533CBF8}.Debug|x64.Build.0 = Debug|x64
		{975221B1-A9AF-41E7-A41E-2A422533CBF8}.Debug|x86.ActiveCfg = Debug|Win32
		{975221B1-A9AF-41E7-A41E-2A422533CBF8}.Debug|x86.Build.0 = Debug|Win32
		{975221B1-A9AF-41E7-A41E-2A422533CBF8}.Release|x64.ActiveCfg = Release|x64
		{975221B1-A9AF-41E7-A41E-2A422533CBF8}.Release|x64.Build.0 = Release|x64
		{975221B1-A9AF-41E7-A41E-2A422533CBF8}.Release|x86.ActiveCfg = Release|Win32
		{975221B1-A9AF-41E7-A41E-2A422533CBF8}.Release|x86.Build.0 = Release|Win32
		{825FB59A-C034-4B3E-8CFA-0A2BFAB148BE}.Debug|x64.ActiveCfg = Debug|x64
		{825FB59A-C034-4B3E-8CFA-0A2BFAB148BE}.Debug|x64.Build.0 = Debug|x64
		{825FB59A-C034-4B3E-8CFA-0A2BFAB148BE}.Debug|x86.ActiveCfg = Debug|Win32
		{825FB59A-C034-4B3E-8CFA-0A2BFAB148BE}.Debug|x86.Build.0 = Debug|Win32
		{825FB59A-C034-4B3E-8CFA-0A2BFAB148BE}.Release|x64.ActiveCfg = Release|x64
		{825FB59A-C034-4B3E-8CFA-0A2BFAB148BE}.Release|x64.Build.0 = Release|x64
		{825FB59A-C034-4B3E-8CFA-0A2BFAB148BE}.Release|x86.ActiveCfg = Release|Win32
		{825FB59A-C034-4B3E-8CFA-0A2BFAB148BE}.Release|x86.Build.0 = Release|Win32
		{424751FD-E372-40B1-860A-E472D53A800E}.Debug|x64.ActiveCfg = Debug|x64
		{424751FD-E372-40B1-860A-E472D53A800E}.Debug|x64.Build.0 = Debug|x64
		{424751FD-E372-40B1-860A-E472D53A800E}.Debug|x86.ActiveCfg = Debug|Win32
		{424751FD-E372-40B1-860A-E472D53A800E}.Debug|x86.Build.0 = Debug|Win32
		{424751FD-E372-40B1-860A-E472D53A800E}.Release|x64.ActiveCfg = Release|x64
		{424751FD-E372-40B1-860A-E472D53A800E}.Release|x64.Build.0 = Release|x64
		{424751FD-E372-40B1-860A-E472D53A800E}.Release|x86.ActiveCfg = Release|Win32
		{424751FD-E372-40B1-860A-E472D53A800E}.Release|x86.Build.0 = Release|Win32
		{6FEBFA69-8036-4BFD-ADE1-08CEA3070F0D}.Debug|x64.ActiveCfg = Debug|x64
		{6FEBFA69-8036-4BFD-ADE1-08CEA3070F0D}.Debug|x64.Build.0 = Debug|x64
		{6FEBFA69-8036-4BFD-ADE1-08CEA3070F0D}.Debug|x86.ActiveCfg = Debug|Win32
		{6FEBFA69-8036-4BFD-ADE1-08CEA3070F0D}.Debug|x86.Build.0 = Debug|Win32
		{6FEBFA69-8036-4BFD-ADE1-08CEA3070F0D}.Release|x64.ActiveCfg = Release|x64
		{6FEBFA69-8036-4BFD-ADE1-08CEA3070F0D}.Release|x64.Build.0 = Release|x64
		{6FEBFA69-8036-4BFD-ADE1-08CEA3070F0D}.Release|x86.ActiveCfg = Release|Win32
		{6FEBFA69-8036-4BFD-ADE1-08CEA3070F0D}.Release|x86.Build.0 = Release|Win32
		{A752E1AF-A748-4880-8552-F8774E28F6BE}.Debug|x64.ActiveCfg = Debug|x64
		{A752E1AF-A748-4880-8552-F8774E28F6BE}.Debug|x64.Build.0 = Debug|x64
		{A752E1AF-A748-4880-8552-F8774E28F6BE}.Debug|x86.ActiveCfg = Debug|Win32
		{A752E1AF-A748-4880-8552-F8774E28F6BE}.Debug|x86.Build.0 = Debug|Win32
		{A752E1AF-A748-4880-8552-F8774E28F6BE}.Release|x64.ActiveCfg = Release|x64
		{A752E1AF-A748-4880-8552-F8774E28F6BE}.Release|x64.Build.0 = Release|x64
		{A752E1AF-A748-4880-8552-F8774E28F6BE}.Release|x86.ActiveCfg = Release|Win32
		{A752E1AF-A748-4880-8552-F8774E28F6BE}.Release|x86.Build.0 = Release|Win32
		{16D1EF5F-3EC7-42D0-A6E6-52B147B0816A}.Debug|x64.ActiveCfg = Debug|x64
		{16D1EF5F-3EC7-42D0-A6E6-52B147B0816A}.Debug|x64.Build.0 = Debug|x64
		{16D1EF5F-3EC7-42D0-A6E6-52B147B0816A}.Debug|x86.ActiveCfg = Debug|Win32
		{16D1EF5F-3EC7-42D0-A6E6-52B147B0816A}.Debug|x86.Build.0 = Debug|Win32
		{16D1EF5F-3EC7-42D0-A6E6-52B147B0816A}.Release|x64.ActiveCfg = Release|x64
		{16D1EF5F-3EC7-42D0-A6E6-52B147B0816A}.Release|x64.Build.0 = Release|x64
		{16D1EF5F-3EC7-42D0-A6E6-52B147B0816A}.Release|x86.ActiveCfg = Release|Win32
		{16D1EF5F-3EC7-42D0-A6E6-52B147B0816A}.Release|x86.Build.0 = Release|Win32
		{66468C95-F045-4DCA-AA81-8D0753A85172}.Debug|x64.ActiveCfg = Debug|x64
		{66468C95-F045-4DCA-AA81-8D0753A85172}.Debug|x64.Build.0 = Debug|x64
		{66468C95-F045-4DCA-AA81-8D0753A85172}.Debug|x86.ActiveCfg = Debug|Win32
		{66468C95-F045-4DCA-AA81-8D0753A85172}.Debug|x86.Build.0 = Debug|Win32
		{66468C95-F045-4DCA-AA81-8D0753A85172}.Release|x64.ActiveCfg = Release|x64
		{66468C95-F045-4DCA-AA81-8D0753A85172}.Release|x64.Build.0 = Release|x64
		{66468C95-F045-4DCA-AA81-8D0753A85172}.Release|x86.ActiveCfg = Release|Win32
		{66468C95-F045-4DCA-AA81-8D0753A85172}.Release|x86.Build.0 = Release|Win32
		{7D7F740C-A151-491A-A234-962C28C06CF1}.Debug|x64.ActiveCfg = Debug|x64
		{7D7F740C-A151-491A-A234-962C28C06CF1}.Debug|x64.Build.0 = Debug|x64
		{7D7F740C-A151-491A-A234-962C28C06CF1}.Debug|x86.ActiveCfg = Debug|Win32
		{7D7F740C-A151-491A-A234-962C28C06CF1}.Debug|x86.Build.0 = Debug|Win32
		{7D7F740C-A151-491A-A234-962C28C06CF1}.Release|x64.ActiveCfg = Release|x64
		{7D7F740C-A151-491A-A234-962C28C06CF1}.Release|x64.Build.0 = Release|x64
		{7D7F740C-A151-491A-A234-962C28C06CF1}.Release|x86.ActiveCfg = Release|Win32
		{7D7F740C-A151-491A-A234-962C28C06CF1}.Release|x86.Build.0 = Release|Win32
		{5806DC22-1BAD-4D12-B75D-B4E7399EE608}.Debug|x64.ActiveCfg = Debug|x64
		{5806DC22-1BAD-4D12-B75D-B4E7399EE608}.Debug|x64.Build.0 = Debug|x64
		{5806DC22-1BAD-4D12-B75D-B4E7399EE608}.Debug|x86.ActiveCfg = Debug|Win32
		{5806DC22-1BAD-4D12-B75D-B4E7399EE608}.Debug|x86.Build.0 = Debug|Win32
		{5806DC22-1BAD-4D12-B75D-B4E7399EE608}.Release|x64.ActiveCfg = Release|x64
		{5806DC22-1BAD-4D12-B75D-B4E7399EE608}.Release|x64.Build.0 = Release|x64
		{5806DC22-1BAD-4D12-B75D-B4E7399EE608}.Release|x86.ActiveCfg = Release|Win32
		{5806DC22-1BAD-4D12-B75D-B4E7399EE608}.Release|x86.Build.0 = Release|Win32
		{56618139-ADD0-4EA6-8498-24721E44921A}.Debug|x64.ActiveCfg = Debug|x64
		{56618139-ADD0-4EA6-8498-24721E44921A}.Debug|x64.Build.0 = Debug|x64
		{56618139-ADD0-4EA6-8498-24721E44921A}.Debug|x86.ActiveCfg = Debug|Win32
		{56618139-ADD0-4EA6-8498-24721E44921A}.Debug|x86.Build.0 = Debug|Win32
		{56618139-ADD0-4EA6-8498-24721E44921A}.Release|x64.ActiveCfg = Release|x64
		{56618139-ADD0-4EA6-8498-24721E44921A}.Release|x64.Build.0 = Release|x64
		{56618139-ADD0-4EA6-8498-24721E44921A}.Release|x86.ActiveCfg = Release|Win32
		{56618139-ADD0-4EA6-8498-24721E44921A}.Release|x86.Build.0 = Release|Win32
		{2794D7C9-63B3-4176-993E-E7CE32F71E05}.Debug|x64.ActiveCfg = Debug|x64
		{2794D7C9-63B3-4176-993E-E7CE32F71E05}.Debug|x64.Build.0 = Debug|x64
		{2794D7C9-63B3-4176-993E-E7CE32F71E05}.Debug|x86.ActiveCfg = Debug|Win32
		{2794D7C9-63B3-4176-993E-E7CE32F71E05}.Debug|x86.Build.0 = Debug|Win32
		{2794D7C9-63B3-4176-993E-E7CE32F71E05}.Release|x64.ActiveCfg = Release|x64
		{2794D7C9-63B3-4176-993E-E7CE32F71E05}.Release|x64.Build.0 = Release|x64
		{2794D7C9-63B3-4176-993E-E7CE32F71E05}.Release|x86.ActiveCfg = Release|Win32
		{2794D7C9-63B3-4176-993E-E7CE32F71E05}.Release|x86.Build.0 = Release|Win32
		{20943C14-2596-44E6-8F13-DEB8AD8507ED}.Debug|x64.ActiveCfg = Debug|x64
		{20943C14-2596-44E6-8F13-DEB8AD8507ED}.Debug|x64.Build.0 = Debug|x64
		{20943C14-2596-44E6-8F13-DEB8AD8507ED}.Debug|x86.ActiveCfg = Debug|Win32
		{20943C14-2596-44E6-8F13-DEB8AD8507ED}.Debug|x86.Build.0 = Debug|Win32
		{20943C14-2596-44E6-8F13-DEB8AD8507ED}.Release|x64.ActiveCfg = Release|x64
		{20943C14-2596-44E6-8F13-DEB8AD8507ED}.Release|x64.Build.0 = Release|x64
		{20943C14-2596-44E6-8F13-DEB8AD8507ED}.Release|x86.ActiveCfg = Release|Win32
		{20943C14-2596-44E6-8F13-DEB8AD8507ED}.Release|x86.Build.0 = Release|Win32
		{FC707480-D01E-4C8F-937F-7BA083DE5428}.Debug|x64.ActiveCfg = Debug|x64
		{FC707480-D01E-4C8F-937F-7BA083DE5428}.Debug|x64.Build.0 = Debug|x64
		{FC707480-D01E-4C8F-937F-7BA083DE5428}.Debug|x86.ActiveCfg = Debug|Win32
		{FC707480-D01E-4C8F-937F-7BA083DE5428}.Debug|x86.Build.0 = Debug|Win32
		{FC707480-D01E-4C8F-937F-7BA083DE5428}.Release|x64.ActiveCfg = Release|x64
		{FC707480-D01E-4C8F-937F-7BA083DE5428}.Release|x64.Build.0 = Release|x64
		{FC707480-D01E-4C8F-937F-7BA083DE5428}.Release|x86.ActiveCfg = Release|Win32
		{FC707480-D01E-4C8F-937F-7BA083DE5428}.Release|x86.Build.0 = Release|Win32
		{9D0842C1-1C2F-4CF2-9239-F7C2D697F164}.Debug|x64.ActiveCfg = Debug|x64
		{9D0842C1-1C2F-4CF2-9239-F7C2D697F164}.Debug|x64.Build.0 = Debug|x64
		{9D0842C1-1C2F-4CF2-9239-F7C2D697F164}.Debug|x86.ActiveCfg = Debug|Win32
		{9D0842C1-1C2F-4CF2-9239-F7C2D697F164}.Debug|x86.Build.0 = Debug|Win32
		{9D0842C1-1C2F-4CF2-9239-F7C2D697F164}.Release|x64.ActiveCfg = Release|x64
		{9D0842C1-1C2F-4CF2-9239-F7C2D697F164}.Release|x64.Build.0 = Release|x64
		{9D0842C1-1C2F-4CF2-9239-F7C2D697F164}.Release|x86.ActiveCfg = Release|Win32
		{9D0842C1-1C2F-4CF2-9239-F7C2D697F164}.Release|x86.Build.0 = Release|Win32
		{B3967604-F9BA-415E-A2D4-7BF33178D74E}.Debug|x64.ActiveCfg = Debug|x64
		{B3967604-F9BA-415E-A2D4-7BF33178D74E}.Debug|x64.Build.0 = Debug|x64
		{B3967604-F9BA-415E-A2D4-7BF33178D74E}.Debug|x86.ActiveCfg = Debug|Win32
		{B3967604-F9BA-415E-A2D4-7BF33178D74E}.Debug|x86.Build.0 = Debug|Win32
		{B3967604-F9BA-415E-A2D4-7BF33178D74E}.Release|x64.ActiveCfg = Release|x64
		{B3967604-F9BA-415E-A2D4-7BF33178D74E}.Release|x64.Build.0 = Release|x64
		{B3967604-F9BA-415E-A2D4-7BF33178D74E}.Release|x86.ActiveCfg = Release|Win32
		{B3967604-F9BA-415E-A2D4-7BF33178D74E}.Release|x86.Build.0 = Release|Win32
		{26B2ACBF-D0EC-450F-8136-0807758672DD}.Debug|x64.ActiveCfg = Debug|x64
		{26B2ACBF-D0EC-450F-8136-0807758672DD}.Debug|x64.Build.0 = Debug|x64
		{26B2ACBF-D0EC-450F-8136-0807758672DD}.Debug|x86.ActiveCfg = Debug|Win32
		{26B2ACBF-D0EC-450F-8136-0807758672DD}.Debug|x86.Build.0 = Debug|Win32
		{26B2ACBF-D0EC-450F-8136-0807758672DD}.Release|x64.ActiveCfg = Release|x64
		{26B2ACBF-D0EC-450F-8136-0807758672DD}.Release|x64.Build.0 = Release|x64
		{26B2ACBF-D0EC-450F-8136-0807758672DD}.Release|x86.ActiveCfg = Release|Win32
		{26B2ACBF-D0EC-450F-8136-0807758672DD}.Release|x86.Build.0 = Release|Win32
		{254364ED-D46C-4DA2-9E46-746152E0D84A}.Debug|x64.ActiveCfg = Debug|x64
		{254364ED-D46C-4DA2-9E46-746152E0D84A}.Debug|x64.Build.0 = Debug|x64
		{254364ED-D46C-4DA2-9E46-746152E0D84A}.Debug|x86.ActiveCfg = Debug|Win32
		{254364ED-D46C-4DA2-9E46-746152E0D84A}.Debug|x86.Build.0 = Debug|Win32
		{254364ED-D46C-4DA2-9E46-746152E0D84A}.Release|x64.ActiveCfg = Release|x64
		{254364ED-D46C-4DA2-9E46-746152E0D84A}.Release|x64.Build.0 = Release|x64
		{254364ED-D46C-4DA2-9E46-746152E0D84A}.Release|x86.ActiveCfg = Release|Win32
		{254364ED-D46C-4DA2-9E46-746152E0D84A}.Release|x86.Build.0 = Release|Win32
		{283BFCD1-3C0B-44C1-AFFB-E5C12B98652E}.Debug|x64.ActiveCfg = Debug|x64
		{283BFCD1-3C0B-44C1-AFFB-E5C12B98652E}.Debug|x64.Build.0 = Debug|x64
		{283BFCD1-3C0B-44C1-AFFB-E5C12B98652E}.Debug|x86.ActiveCfg = Debug|Win32
		{283BFCD1-3C0B-44C1-AFFB-E5C12B98652E}.Debug|x86.Build.0 = Debug|Win32
		{283BFCD1-3C0B-44C1-AFFB-E5C12B98652E}.Release|x64.ActiveCfg = Release|x64
		{283BFCD1-3C0B-44C1-AFFB-E5C12B98652E}.Release|x64.Build.0 = Release|x64
		{283BFCD1-3C0B-44C1-AFFB-E5C12B98652E}.Release|x86.ActiveCfg = Release|Win32
		{283BFCD1-3C0B-44C1-AFFB-E5C12B98652E}.Release|x86.Build.0 = Release|Win32
	EndGlobalSection
	GlobalSection(SolutionProperties) = preSolution
		HideSolutionNode = FALSE
	EndGlobalSection
	GlobalSection(ExtensibilityGlobals) = postSolution
		SolutionGuid = {F05B9A80-2EE0-4BC5-992B-1AA324DBDB3F}
	EndGlobalSection
EndGlobal
